// !$*UTF8*$!
{
	archiveVersion = 1;
	classes = {
	};
	objectVersion = 51;
	objects = {

/* Begin PBXBuildFile section */
		C00E5682256A6ADB00EA9A81 /* GoogleService-Info.plist in Resources */ = {isa = PBXBuildFile; fileRef = C00E5681256A6ADB00EA9A81 /* GoogleService-Info.plist */; };
		C030E8472560443C006D46DE /* ScooterApp.swift in Sources */ = {isa = PBXBuildFile; fileRef = C030E8462560443C006D46DE /* ScooterApp.swift */; };
		C030E8492560443C006D46DE /* CoreDateExampleView.swift in Sources */ = {isa = PBXBuildFile; fileRef = C030E8482560443C006D46DE /* CoreDateExampleView.swift */; };
		C030E84B2560443D006D46DE /* Assets.xcassets in Resources */ = {isa = PBXBuildFile; fileRef = C030E84A2560443D006D46DE /* Assets.xcassets */; };
		C030E84E2560443D006D46DE /* Preview Assets.xcassets in Resources */ = {isa = PBXBuildFile; fileRef = C030E84D2560443D006D46DE /* Preview Assets.xcassets */; };
		C030E8502560443D006D46DE /* Persistence.swift in Sources */ = {isa = PBXBuildFile; fileRef = C030E84F2560443D006D46DE /* Persistence.swift */; };
		C030E8532560443D006D46DE /* ScooterApp.xcdatamodeld in Sources */ = {isa = PBXBuildFile; fileRef = C030E8512560443D006D46DE /* ScooterApp.xcdatamodeld */; };
		C060B05B2569565D00A0C720 /* DoneTextField.swift in Sources */ = {isa = PBXBuildFile; fileRef = C060B05A2569565D00A0C720 /* DoneTextField.swift */; };
		C09A9FF62560466E00CA3194 /* GetPhotoView.swift in Sources */ = {isa = PBXBuildFile; fileRef = C09A9FEC2560466B00CA3194 /* GetPhotoView.swift */; };
		C09A9FF72560466E00CA3194 /* ReportsList.swift in Sources */ = {isa = PBXBuildFile; fileRef = C09A9FED2560466C00CA3194 /* ReportsList.swift */; };
		C09A9FFA2560466E00CA3194 /* LocationManager.swift in Sources */ = {isa = PBXBuildFile; fileRef = C09A9FF02560466D00CA3194 /* LocationManager.swift */; };
		C09A9FFB2560466E00CA3194 /* Report.swift in Sources */ = {isa = PBXBuildFile; fileRef = C09A9FF12560466D00CA3194 /* Report.swift */; };
		C09A9FFC2560466E00CA3194 /* ReportStore.swift in Sources */ = {isa = PBXBuildFile; fileRef = C09A9FF22560466D00CA3194 /* ReportStore.swift */; };
		C09A9FFD2560466E00CA3194 /* MapView.swift in Sources */ = {isa = PBXBuildFile; fileRef = C09A9FF32560466E00CA3194 /* MapView.swift */; };
		C09A9FFE2560466E00CA3194 /* TestingView.swift in Sources */ = {isa = PBXBuildFile; fileRef = C09A9FF42560466E00CA3194 /* TestingView.swift */; };
		C09AA01525613EAA00CA3194 /* MainView.swift in Sources */ = {isa = PBXBuildFile; fileRef = C09AA01425613EAA00CA3194 /* MainView.swift */; };
		C09AE420256AC36600A76396 /* ReportPreview.swift in Sources */ = {isa = PBXBuildFile; fileRef = C09AE41F256AC36600A76396 /* ReportPreview.swift */; };
		C09EB1F7256FB8BC00252807 /* QrCodeScannerView.swift in Sources */ = {isa = PBXBuildFile; fileRef = C09EB1F6256FB8BC00252807 /* QrCodeScannerView.swift */; };
		C09EB1FD256FB90000252807 /* CameraPreview.swift in Sources */ = {isa = PBXBuildFile; fileRef = C09EB1FC256FB90000252807 /* CameraPreview.swift */; };
		C09EB200256FB92500252807 /* QrCodeCameraDelegate.swift in Sources */ = {isa = PBXBuildFile; fileRef = C09EB1FF256FB92500252807 /* QrCodeCameraDelegate.swift */; };
		C09EB203256FB9FA00252807 /* ScannerView.swift in Sources */ = {isa = PBXBuildFile; fileRef = C09EB202256FB9FA00252807 /* ScannerView.swift */; };
		C09EB206256FBA1700252807 /* ScannerViewModel.swift in Sources */ = {isa = PBXBuildFile; fileRef = C09EB205256FBA1700252807 /* ScannerViewModel.swift */; };
		C0A773C425615B3C00A0532A /* ReportView.swift in Sources */ = {isa = PBXBuildFile; fileRef = C0A773C325615B3C00A0532A /* ReportView.swift */; };
		C0C390EB2566A8A1008E08DB /* Coordinator.swift in Sources */ = {isa = PBXBuildFile; fileRef = C0C390EA2566A8A1008E08DB /* Coordinator.swift */; };
		C0C390EF2566DD7E008E08DB /* CameraPickerView.swift in Sources */ = {isa = PBXBuildFile; fileRef = C0C390EE2566DD7E008E08DB /* CameraPickerView.swift */; };
		C0F5E661256B0E090020D972 /* Extension+UIImage.swift in Sources */ = {isa = PBXBuildFile; fileRef = C0F5E660256B0E090020D972 /* Extension+UIImage.swift */; };
		E3D1FEF17EA3DF046B8DF10F /* Pods_ScooterApp.framework in Frameworks */ = {isa = PBXBuildFile; fileRef = E7572BBDC7EC9985CAD33AA4 /* Pods_ScooterApp.framework */; };
/* End PBXBuildFile section */

/* Begin PBXFileReference section */
		4D747ADC128663881B9BB3BF /* Pods-ScooterApp.release.xcconfig */ = {isa = PBXFileReference; includeInIndex = 1; lastKnownFileType = text.xcconfig; name = "Pods-ScooterApp.release.xcconfig"; path = "Target Support Files/Pods-ScooterApp/Pods-ScooterApp.release.xcconfig"; sourceTree = "<group>"; };
		C00E5681256A6ADB00EA9A81 /* GoogleService-Info.plist */ = {isa = PBXFileReference; fileEncoding = 4; lastKnownFileType = text.plist.xml; path = "GoogleService-Info.plist"; sourceTree = "<group>"; };
		C030E8432560443C006D46DE /* ScooterApp.app */ = {isa = PBXFileReference; explicitFileType = wrapper.application; includeInIndex = 0; path = ScooterApp.app; sourceTree = BUILT_PRODUCTS_DIR; };
		C030E8462560443C006D46DE /* ScooterApp.swift */ = {isa = PBXFileReference; lastKnownFileType = sourcecode.swift; path = ScooterApp.swift; sourceTree = "<group>"; };
		C030E8482560443C006D46DE /* CoreDateExampleView.swift */ = {isa = PBXFileReference; lastKnownFileType = sourcecode.swift; path = CoreDateExampleView.swift; sourceTree = "<group>"; };
		C030E84A2560443D006D46DE /* Assets.xcassets */ = {isa = PBXFileReference; lastKnownFileType = folder.assetcatalog; path = Assets.xcassets; sourceTree = "<group>"; };
		C030E84D2560443D006D46DE /* Preview Assets.xcassets */ = {isa = PBXFileReference; lastKnownFileType = folder.assetcatalog; path = "Preview Assets.xcassets"; sourceTree = "<group>"; };
		C030E84F2560443D006D46DE /* Persistence.swift */ = {isa = PBXFileReference; lastKnownFileType = sourcecode.swift; path = Persistence.swift; sourceTree = "<group>"; };
		C030E8522560443D006D46DE /* ScooterApp.xcdatamodel */ = {isa = PBXFileReference; lastKnownFileType = wrapper.xcdatamodel; path = ScooterApp.xcdatamodel; sourceTree = "<group>"; };
		C030E8542560443D006D46DE /* Info.plist */ = {isa = PBXFileReference; lastKnownFileType = text.plist.xml; path = Info.plist; sourceTree = "<group>"; };
		C060B05A2569565D00A0C720 /* DoneTextField.swift */ = {isa = PBXFileReference; lastKnownFileType = sourcecode.swift; path = DoneTextField.swift; sourceTree = "<group>"; };
		C09A9FEC2560466B00CA3194 /* GetPhotoView.swift */ = {isa = PBXFileReference; fileEncoding = 4; lastKnownFileType = sourcecode.swift; path = GetPhotoView.swift; sourceTree = "<group>"; };
		C09A9FED2560466C00CA3194 /* ReportsList.swift */ = {isa = PBXFileReference; fileEncoding = 4; lastKnownFileType = sourcecode.swift; path = ReportsList.swift; sourceTree = "<group>"; };
		C09A9FF02560466D00CA3194 /* LocationManager.swift */ = {isa = PBXFileReference; fileEncoding = 4; lastKnownFileType = sourcecode.swift; path = LocationManager.swift; sourceTree = "<group>"; };
		C09A9FF12560466D00CA3194 /* Report.swift */ = {isa = PBXFileReference; fileEncoding = 4; lastKnownFileType = sourcecode.swift; path = Report.swift; sourceTree = "<group>"; };
		C09A9FF22560466D00CA3194 /* ReportStore.swift */ = {isa = PBXFileReference; fileEncoding = 4; lastKnownFileType = sourcecode.swift; path = ReportStore.swift; sourceTree = "<group>"; };
		C09A9FF32560466E00CA3194 /* MapView.swift */ = {isa = PBXFileReference; fileEncoding = 4; lastKnownFileType = sourcecode.swift; path = MapView.swift; sourceTree = "<group>"; };
		C09A9FF42560466E00CA3194 /* TestingView.swift */ = {isa = PBXFileReference; fileEncoding = 4; lastKnownFileType = sourcecode.swift; path = TestingView.swift; sourceTree = "<group>"; };
		C09AA01425613EAA00CA3194 /* MainView.swift */ = {isa = PBXFileReference; fileEncoding = 4; lastKnownFileType = sourcecode.swift; path = MainView.swift; sourceTree = "<group>"; };
		C09AE41F256AC36600A76396 /* ReportPreview.swift */ = {isa = PBXFileReference; lastKnownFileType = sourcecode.swift; path = ReportPreview.swift; sourceTree = "<group>"; };
		C09EB1F6256FB8BC00252807 /* QrCodeScannerView.swift */ = {isa = PBXFileReference; lastKnownFileType = sourcecode.swift; path = QrCodeScannerView.swift; sourceTree = "<group>"; };
		C09EB1FC256FB90000252807 /* CameraPreview.swift */ = {isa = PBXFileReference; lastKnownFileType = sourcecode.swift; path = CameraPreview.swift; sourceTree = "<group>"; };
		C09EB1FF256FB92500252807 /* QrCodeCameraDelegate.swift */ = {isa = PBXFileReference; lastKnownFileType = sourcecode.swift; path = QrCodeCameraDelegate.swift; sourceTree = "<group>"; };
		C09EB202256FB9FA00252807 /* ScannerView.swift */ = {isa = PBXFileReference; lastKnownFileType = sourcecode.swift; path = ScannerView.swift; sourceTree = "<group>"; };
		C09EB205256FBA1700252807 /* ScannerViewModel.swift */ = {isa = PBXFileReference; lastKnownFileType = sourcecode.swift; path = ScannerViewModel.swift; sourceTree = "<group>"; };
		C0A773C325615B3C00A0532A /* ReportView.swift */ = {isa = PBXFileReference; lastKnownFileType = sourcecode.swift; path = ReportView.swift; sourceTree = "<group>"; };
		C0C390EA2566A8A1008E08DB /* Coordinator.swift */ = {isa = PBXFileReference; fileEncoding = 4; lastKnownFileType = sourcecode.swift; path = Coordinator.swift; sourceTree = "<group>"; };
		C0C390EE2566DD7E008E08DB /* CameraPickerView.swift */ = {isa = PBXFileReference; lastKnownFileType = sourcecode.swift; path = CameraPickerView.swift; sourceTree = "<group>"; };
		C0F5E660256B0E090020D972 /* Extension+UIImage.swift */ = {isa = PBXFileReference; lastKnownFileType = sourcecode.swift; path = "Extension+UIImage.swift"; sourceTree = "<group>"; };
		E7572BBDC7EC9985CAD33AA4 /* Pods_ScooterApp.framework */ = {isa = PBXFileReference; explicitFileType = wrapper.framework; includeInIndex = 0; path = Pods_ScooterApp.framework; sourceTree = BUILT_PRODUCTS_DIR; };
		EC0180BCD075EC0C44F777D7 /* Pods-ScooterApp.debug.xcconfig */ = {isa = PBXFileReference; includeInIndex = 1; lastKnownFileType = text.xcconfig; name = "Pods-ScooterApp.debug.xcconfig"; path = "Target Support Files/Pods-ScooterApp/Pods-ScooterApp.debug.xcconfig"; sourceTree = "<group>"; };
/* End PBXFileReference section */

/* Begin PBXFrameworksBuildPhase section */
		C030E8402560443C006D46DE /* Frameworks */ = {
			isa = PBXFrameworksBuildPhase;
			buildActionMask = 2147483647;
			files = (
				E3D1FEF17EA3DF046B8DF10F /* Pods_ScooterApp.framework in Frameworks */,
			);
			runOnlyForDeploymentPostprocessing = 0;
		};
/* End PBXFrameworksBuildPhase section */

/* Begin PBXGroup section */
		176D06499E39E4F058F4C52B /* Frameworks */ = {
			isa = PBXGroup;
			children = (
				E7572BBDC7EC9985CAD33AA4 /* Pods_ScooterApp.framework */,
			);
			name = Frameworks;
			sourceTree = "<group>";
		};
		BB82D6F58D56AAE61715C938 /* Pods */ = {
			isa = PBXGroup;
			children = (
				EC0180BCD075EC0C44F777D7 /* Pods-ScooterApp.debug.xcconfig */,
				4D747ADC128663881B9BB3BF /* Pods-ScooterApp.release.xcconfig */,
			);
			path = Pods;
			sourceTree = "<group>";
		};
		C030E83A2560443C006D46DE = {
			isa = PBXGroup;
			children = (
				C030E8452560443C006D46DE /* ScooterApp */,
				C030E8442560443C006D46DE /* Products */,
				BB82D6F58D56AAE61715C938 /* Pods */,
				176D06499E39E4F058F4C52B /* Frameworks */,
			);
			sourceTree = "<group>";
		};
		C030E8442560443C006D46DE /* Products */ = {
			isa = PBXGroup;
			children = (
				C030E8432560443C006D46DE /* ScooterApp.app */,
			);
			name = Products;
			sourceTree = "<group>";
		};
		C030E8452560443C006D46DE /* ScooterApp */ = {
			isa = PBXGroup;
			children = (
				C0F5E660256B0E090020D972 /* Extension+UIImage.swift */,
				C030E8542560443D006D46DE /* Info.plist */,
				C00E5681256A6ADB00EA9A81 /* GoogleService-Info.plist */,
				C09AA004256138E900CA3194 /* DataModel */,
				C09AA009256139FD00CA3194 /* CoreData */,
				C09AA000256138A900CA3194 /* CameraScreen */,
				C09AA002256138D700CA3194 /* MapScreen */,
				C09AA0062561393400CA3194 /* Testing */,
				C09AA01225613E3500CA3194 /* MyReportsScreen */,
				C060B0582569562D00A0C720 /* CreatingReportScreen */,
				C09EB1F9256FB8C100252807 /* QRScanner */,
				C09AA01425613EAA00CA3194 /* MainView.swift */,
				C030E8462560443C006D46DE /* ScooterApp.swift */,
				C030E84A2560443D006D46DE /* Assets.xcassets */,
				C030E8512560443D006D46DE /* ScooterApp.xcdatamodeld */,
				C030E84C2560443D006D46DE /* Preview Content */,
			);
			path = ScooterApp;
			sourceTree = "<group>";
		};
		C030E84C2560443D006D46DE /* Preview Content */ = {
			isa = PBXGroup;
			children = (
				C030E84D2560443D006D46DE /* Preview Assets.xcassets */,
			);
			path = "Preview Content";
			sourceTree = "<group>";
		};
		C060B0582569562D00A0C720 /* CreatingReportScreen */ = {
			isa = PBXGroup;
			children = (
				C0A773C325615B3C00A0532A /* ReportView.swift */,
				C060B05A2569565D00A0C720 /* DoneTextField.swift */,
			);
			path = CreatingReportScreen;
			sourceTree = "<group>";
		};
		C09AA000256138A900CA3194 /* CameraScreen */ = {
			isa = PBXGroup;
			children = (
				C09A9FEC2560466B00CA3194 /* GetPhotoView.swift */,
				C0C390EA2566A8A1008E08DB /* Coordinator.swift */,
				C0C390EE2566DD7E008E08DB /* CameraPickerView.swift */,
			);
			name = CameraScreen;
			sourceTree = "<group>";
		};
		C09AA002256138D700CA3194 /* MapScreen */ = {
			isa = PBXGroup;
			children = (
				C09A9FF02560466D00CA3194 /* LocationManager.swift */,
				C09A9FF32560466E00CA3194 /* MapView.swift */,
			);
			path = MapScreen;
			sourceTree = "<group>";
		};
		C09AA004256138E900CA3194 /* DataModel */ = {
			isa = PBXGroup;
			children = (
				C09A9FF12560466D00CA3194 /* Report.swift */,
				C09A9FF22560466D00CA3194 /* ReportStore.swift */,
			);
			path = DataModel;
			sourceTree = "<group>";
		};
		C09AA0062561393400CA3194 /* Testing */ = {
			isa = PBXGroup;
			children = (
				C09A9FF42560466E00CA3194 /* TestingView.swift */,
			);
			path = Testing;
			sourceTree = "<group>";
		};
		C09AA009256139FD00CA3194 /* CoreData */ = {
			isa = PBXGroup;
			children = (
				C030E8482560443C006D46DE /* CoreDateExampleView.swift */,
				C030E84F2560443D006D46DE /* Persistence.swift */,
			);
			path = CoreData;
			sourceTree = "<group>";
		};
		C09AA01225613E3500CA3194 /* MyReportsScreen */ = {
			isa = PBXGroup;
			children = (
				C09A9FED2560466C00CA3194 /* ReportsList.swift */,
				C09AE41F256AC36600A76396 /* ReportPreview.swift */,
			);
			path = MyReportsScreen;
			sourceTree = "<group>";
		};
		C09EB1F9256FB8C100252807 /* QRScanner */ = {
			isa = PBXGroup;
			children = (
				C09EB1F6256FB8BC00252807 /* QrCodeScannerView.swift */,
				C09EB1FF256FB92500252807 /* QrCodeCameraDelegate.swift */,
				C09EB1FC256FB90000252807 /* CameraPreview.swift */,
				C09EB202256FB9FA00252807 /* ScannerView.swift */,
				C09EB205256FBA1700252807 /* ScannerViewModel.swift */,
			);
			path = QRScanner;
			sourceTree = "<group>";
		};
/* End PBXGroup section */

/* Begin PBXNativeTarget section */
		C030E8422560443C006D46DE /* ScooterApp */ = {
			isa = PBXNativeTarget;
			buildConfigurationList = C030E8572560443D006D46DE /* Build configuration list for PBXNativeTarget "ScooterApp" */;
			buildPhases = (
				3BCCA8FB35A4EA71A966EA2C /* [CP] Check Pods Manifest.lock */,
				C030E83F2560443C006D46DE /* Sources */,
				C030E8402560443C006D46DE /* Frameworks */,
				C030E8412560443C006D46DE /* Resources */,
				BF0EDDC5D7EFB2690404E8BA /* [CP] Embed Pods Frameworks */,
			);
			buildRules = (
			);
			dependencies = (
			);
			name = ScooterApp;
			productName = ScooterApp;
			productReference = C030E8432560443C006D46DE /* ScooterApp.app */;
			productType = "com.apple.product-type.application";
		};
/* End PBXNativeTarget section */

/* Begin PBXProject section */
		C030E83B2560443C006D46DE /* Project object */ = {
			isa = PBXProject;
			attributes = {
				LastSwiftUpdateCheck = 1220;
				LastUpgradeCheck = 1220;
				TargetAttributes = {
					C030E8422560443C006D46DE = {
						CreatedOnToolsVersion = 12.2;
					};
				};
			};
			buildConfigurationList = C030E83E2560443C006D46DE /* Build configuration list for PBXProject "ScooterApp" */;
			compatibilityVersion = "Xcode 9.3";
			developmentRegion = en;
			hasScannedForEncodings = 0;
			knownRegions = (
				en,
				Base,
			);
			mainGroup = C030E83A2560443C006D46DE;
			productRefGroup = C030E8442560443C006D46DE /* Products */;
			projectDirPath = "";
			projectRoot = "";
			targets = (
				C030E8422560443C006D46DE /* ScooterApp */,
			);
		};
/* End PBXProject section */

/* Begin PBXResourcesBuildPhase section */
		C030E8412560443C006D46DE /* Resources */ = {
			isa = PBXResourcesBuildPhase;
			buildActionMask = 2147483647;
			files = (
				C030E84E2560443D006D46DE /* Preview Assets.xcassets in Resources */,
				C030E84B2560443D006D46DE /* Assets.xcassets in Resources */,
				C00E5682256A6ADB00EA9A81 /* GoogleService-Info.plist in Resources */,
			);
			runOnlyForDeploymentPostprocessing = 0;
		};
/* End PBXResourcesBuildPhase section */

/* Begin PBXShellScriptBuildPhase section */
		3BCCA8FB35A4EA71A966EA2C /* [CP] Check Pods Manifest.lock */ = {
			isa = PBXShellScriptBuildPhase;
			buildActionMask = 2147483647;
			files = (
			);
			inputFileListPaths = (
			);
			inputPaths = (
				"${PODS_PODFILE_DIR_PATH}/Podfile.lock",
				"${PODS_ROOT}/Manifest.lock",
			);
			name = "[CP] Check Pods Manifest.lock";
			outputFileListPaths = (
			);
			outputPaths = (
				"$(DERIVED_FILE_DIR)/Pods-ScooterApp-checkManifestLockResult.txt",
			);
			runOnlyForDeploymentPostprocessing = 0;
			shellPath = /bin/sh;
			shellScript = "diff \"${PODS_PODFILE_DIR_PATH}/Podfile.lock\" \"${PODS_ROOT}/Manifest.lock\" > /dev/null\nif [ $? != 0 ] ; then\n    # print error to STDERR\n    echo \"error: The sandbox is not in sync with the Podfile.lock. Run 'pod install' or update your CocoaPods installation.\" >&2\n    exit 1\nfi\n# This output is used by Xcode 'outputs' to avoid re-running this script phase.\necho \"SUCCESS\" > \"${SCRIPT_OUTPUT_FILE_0}\"\n";
			showEnvVarsInLog = 0;
		};
		BF0EDDC5D7EFB2690404E8BA /* [CP] Embed Pods Frameworks */ = {
			isa = PBXShellScriptBuildPhase;
			buildActionMask = 2147483647;
			files = (
			);
			inputFileListPaths = (
				"${PODS_ROOT}/Target Support Files/Pods-ScooterApp/Pods-ScooterApp-frameworks-${CONFIGURATION}-input-files.xcfilelist",
			);
			name = "[CP] Embed Pods Frameworks";
			outputFileListPaths = (
				"${PODS_ROOT}/Target Support Files/Pods-ScooterApp/Pods-ScooterApp-frameworks-${CONFIGURATION}-output-files.xcfilelist",
			);
			runOnlyForDeploymentPostprocessing = 0;
			shellPath = /bin/sh;
			shellScript = "\"${PODS_ROOT}/Target Support Files/Pods-ScooterApp/Pods-ScooterApp-frameworks.sh\"\n";
			showEnvVarsInLog = 0;
		};
/* End PBXShellScriptBuildPhase section */

/* Begin PBXSourcesBuildPhase section */
		C030E83F2560443C006D46DE /* Sources */ = {
			isa = PBXSourcesBuildPhase;
			buildActionMask = 2147483647;
			files = (
				C030E8502560443D006D46DE /* Persistence.swift in Sources */,
				C09AA01525613EAA00CA3194 /* MainView.swift in Sources */,
				C0C390EB2566A8A1008E08DB /* Coordinator.swift in Sources */,
				C09A9FFD2560466E00CA3194 /* MapView.swift in Sources */,
				C0C390EF2566DD7E008E08DB /* CameraPickerView.swift in Sources */,
				C09EB1FD256FB90000252807 /* CameraPreview.swift in Sources */,
				C09A9FFB2560466E00CA3194 /* Report.swift in Sources */,
				C0A773C425615B3C00A0532A /* ReportView.swift in Sources */,
				C09A9FFE2560466E00CA3194 /* TestingView.swift in Sources */,
				C09EB203256FB9FA00252807 /* ScannerView.swift in Sources */,
				C09EB200256FB92500252807 /* QrCodeCameraDelegate.swift in Sources */,
				C09EB206256FBA1700252807 /* ScannerViewModel.swift in Sources */,
				C030E8492560443C006D46DE /* CoreDateExampleView.swift in Sources */,
				C09A9FF62560466E00CA3194 /* GetPhotoView.swift in Sources */,
				C030E8472560443C006D46DE /* ScooterApp.swift in Sources */,
				C09A9FFC2560466E00CA3194 /* ReportStore.swift in Sources */,
				C09AE420256AC36600A76396 /* ReportPreview.swift in Sources */,
				C09A9FF72560466E00CA3194 /* ReportsList.swift in Sources */,
				C060B05B2569565D00A0C720 /* DoneTextField.swift in Sources */,
				C030E8532560443D006D46DE /* ScooterApp.xcdatamodeld in Sources */,
				C0F5E661256B0E090020D972 /* Extension+UIImage.swift in Sources */,
				C09A9FFA2560466E00CA3194 /* LocationManager.swift in Sources */,
				C09EB1F7256FB8BC00252807 /* QrCodeScannerView.swift in Sources */,
			);
			runOnlyForDeploymentPostprocessing = 0;
		};
/* End PBXSourcesBuildPhase section */

/* Begin XCBuildConfiguration section */
		C030E8552560443D006D46DE /* Debug */ = {
			isa = XCBuildConfiguration;
			buildSettings = {
				ALWAYS_SEARCH_USER_PATHS = NO;
				CLANG_ANALYZER_NONNULL = YES;
				CLANG_ANALYZER_NUMBER_OBJECT_CONVERSION = YES_AGGRESSIVE;
				CLANG_CXX_LANGUAGE_STANDARD = "gnu++14";
				CLANG_CXX_LIBRARY = "libc++";
				CLANG_ENABLE_MODULES = YES;
				CLANG_ENABLE_OBJC_ARC = YES;
				CLANG_ENABLE_OBJC_WEAK = YES;
				CLANG_WARN_BLOCK_CAPTURE_AUTORELEASING = YES;
				CLANG_WARN_BOOL_CONVERSION = YES;
				CLANG_WARN_COMMA = YES;
				CLANG_WARN_CONSTANT_CONVERSION = YES;
				CLANG_WARN_DEPRECATED_OBJC_IMPLEMENTATIONS = YES;
				CLANG_WARN_DIRECT_OBJC_ISA_USAGE = YES_ERROR;
				CLANG_WARN_DOCUMENTATION_COMMENTS = YES;
				CLANG_WARN_EMPTY_BODY = YES;
				CLANG_WARN_ENUM_CONVERSION = YES;
				CLANG_WARN_INFINITE_RECURSION = YES;
				CLANG_WARN_INT_CONVERSION = YES;
				CLANG_WARN_NON_LITERAL_NULL_CONVERSION = YES;
				CLANG_WARN_OBJC_IMPLICIT_RETAIN_SELF = YES;
				CLANG_WARN_OBJC_LITERAL_CONVERSION = YES;
				CLANG_WARN_OBJC_ROOT_CLASS = YES_ERROR;
				CLANG_WARN_QUOTED_INCLUDE_IN_FRAMEWORK_HEADER = YES;
				CLANG_WARN_RANGE_LOOP_ANALYSIS = YES;
				CLANG_WARN_STRICT_PROTOTYPES = YES;
				CLANG_WARN_SUSPICIOUS_MOVE = YES;
				CLANG_WARN_UNGUARDED_AVAILABILITY = YES_AGGRESSIVE;
				CLANG_WARN_UNREACHABLE_CODE = YES;
				CLANG_WARN__DUPLICATE_METHOD_MATCH = YES;
				COPY_PHASE_STRIP = NO;
				DEBUG_INFORMATION_FORMAT = dwarf;
				ENABLE_STRICT_OBJC_MSGSEND = YES;
				ENABLE_TESTABILITY = YES;
				GCC_C_LANGUAGE_STANDARD = gnu11;
				GCC_DYNAMIC_NO_PIC = NO;
				GCC_NO_COMMON_BLOCKS = YES;
				GCC_OPTIMIZATION_LEVEL = 0;
				GCC_PREPROCESSOR_DEFINITIONS = (
					"DEBUG=1",
					"$(inherited)",
				);
				GCC_WARN_64_TO_32_BIT_CONVERSION = YES;
				GCC_WARN_ABOUT_RETURN_TYPE = YES_ERROR;
				GCC_WARN_UNDECLARED_SELECTOR = YES;
				GCC_WARN_UNINITIALIZED_AUTOS = YES_AGGRESSIVE;
				GCC_WARN_UNUSED_FUNCTION = YES;
				GCC_WARN_UNUSED_VARIABLE = YES;
				IPHONEOS_DEPLOYMENT_TARGET = 14.2;
				MTL_ENABLE_DEBUG_INFO = INCLUDE_SOURCE;
				MTL_FAST_MATH = YES;
				ONLY_ACTIVE_ARCH = YES;
				SDKROOT = iphoneos;
				SWIFT_ACTIVE_COMPILATION_CONDITIONS = DEBUG;
				SWIFT_OPTIMIZATION_LEVEL = "-Onone";
			};
			name = Debug;
		};
		C030E8562560443D006D46DE /* Release */ = {
			isa = XCBuildConfiguration;
			buildSettings = {
				ALWAYS_SEARCH_USER_PATHS = NO;
				CLANG_ANALYZER_NONNULL = YES;
				CLANG_ANALYZER_NUMBER_OBJECT_CONVERSION = YES_AGGRESSIVE;
				CLANG_CXX_LANGUAGE_STANDARD = "gnu++14";
				CLANG_CXX_LIBRARY = "libc++";
				CLANG_ENABLE_MODULES = YES;
				CLANG_ENABLE_OBJC_ARC = YES;
				CLANG_ENABLE_OBJC_WEAK = YES;
				CLANG_WARN_BLOCK_CAPTURE_AUTORELEASING = YES;
				CLANG_WARN_BOOL_CONVERSION = YES;
				CLANG_WARN_COMMA = YES;
				CLANG_WARN_CONSTANT_CONVERSION = YES;
				CLANG_WARN_DEPRECATED_OBJC_IMPLEMENTATIONS = YES;
				CLANG_WARN_DIRECT_OBJC_ISA_USAGE = YES_ERROR;
				CLANG_WARN_DOCUMENTATION_COMMENTS = YES;
				CLANG_WARN_EMPTY_BODY = YES;
				CLANG_WARN_ENUM_CONVERSION = YES;
				CLANG_WARN_INFINITE_RECURSION = YES;
				CLANG_WARN_INT_CONVERSION = YES;
				CLANG_WARN_NON_LITERAL_NULL_CONVERSION = YES;
				CLANG_WARN_OBJC_IMPLICIT_RETAIN_SELF = YES;
				CLANG_WARN_OBJC_LITERAL_CONVERSION = YES;
				CLANG_WARN_OBJC_ROOT_CLASS = YES_ERROR;
				CLANG_WARN_QUOTED_INCLUDE_IN_FRAMEWORK_HEADER = YES;
				CLANG_WARN_RANGE_LOOP_ANALYSIS = YES;
				CLANG_WARN_STRICT_PROTOTYPES = YES;
				CLANG_WARN_SUSPICIOUS_MOVE = YES;
				CLANG_WARN_UNGUARDED_AVAILABILITY = YES_AGGRESSIVE;
				CLANG_WARN_UNREACHABLE_CODE = YES;
				CLANG_WARN__DUPLICATE_METHOD_MATCH = YES;
				COPY_PHASE_STRIP = NO;
				DEBUG_INFORMATION_FORMAT = "dwarf-with-dsym";
				ENABLE_NS_ASSERTIONS = NO;
				ENABLE_STRICT_OBJC_MSGSEND = YES;
				GCC_C_LANGUAGE_STANDARD = gnu11;
				GCC_NO_COMMON_BLOCKS = YES;
				GCC_WARN_64_TO_32_BIT_CONVERSION = YES;
				GCC_WARN_ABOUT_RETURN_TYPE = YES_ERROR;
				GCC_WARN_UNDECLARED_SELECTOR = YES;
				GCC_WARN_UNINITIALIZED_AUTOS = YES_AGGRESSIVE;
				GCC_WARN_UNUSED_FUNCTION = YES;
				GCC_WARN_UNUSED_VARIABLE = YES;
				IPHONEOS_DEPLOYMENT_TARGET = 14.2;
				MTL_ENABLE_DEBUG_INFO = NO;
				MTL_FAST_MATH = YES;
				SDKROOT = iphoneos;
				SWIFT_COMPILATION_MODE = wholemodule;
				SWIFT_OPTIMIZATION_LEVEL = "-O";
				VALIDATE_PRODUCT = YES;
			};
			name = Release;
		};
		C030E8582560443D006D46DE /* Debug */ = {
			isa = XCBuildConfiguration;
			baseConfigurationReference = EC0180BCD075EC0C44F777D7 /* Pods-ScooterApp.debug.xcconfig */;
			buildSettings = {
				ASSETCATALOG_COMPILER_APPICON_NAME = AppIcon;
				ASSETCATALOG_COMPILER_GLOBAL_ACCENT_COLOR_NAME = AccentColor;
				CODE_SIGN_STYLE = Automatic;
				DEVELOPMENT_ASSET_PATHS = "\"ScooterApp/Preview Content\"";
				DEVELOPMENT_TEAM = 3GMEL8ZDGR;
				ENABLE_PREVIEWS = YES;
				INFOPLIST_FILE = ScooterApp/Info.plist;
				IPHONEOS_DEPLOYMENT_TARGET = 14.0;
				LD_RUNPATH_SEARCH_PATHS = (
					"$(inherited)",
					"@executable_path/Frameworks",
				);
				PRODUCT_BUNDLE_IDENTIFIER = com.itu.gbro.ScooterApp;
				PRODUCT_NAME = "$(TARGET_NAME)";
				SWIFT_VERSION = 5.0;
				TARGETED_DEVICE_FAMILY = "1,2";
			};
			name = Debug;
		};
		C030E8592560443D006D46DE /* Release */ = {
			isa = XCBuildConfiguration;
			baseConfigurationReference = 4D747ADC128663881B9BB3BF /* Pods-ScooterApp.release.xcconfig */;
			buildSettings = {
				ASSETCATALOG_COMPILER_APPICON_NAME = AppIcon;
				ASSETCATALOG_COMPILER_GLOBAL_ACCENT_COLOR_NAME = AccentColor;
				CODE_SIGN_STYLE = Automatic;
				DEVELOPMENT_ASSET_PATHS = "\"ScooterApp/Preview Content\"";
				DEVELOPMENT_TEAM = 3GMEL8ZDGR;
				ENABLE_PREVIEWS = YES;
				INFOPLIST_FILE = ScooterApp/Info.plist;
				IPHONEOS_DEPLOYMENT_TARGET = 14.0;
				LD_RUNPATH_SEARCH_PATHS = (
					"$(inherited)",
					"@executable_path/Frameworks",
				);
				PRODUCT_BUNDLE_IDENTIFIER = com.itu.gbro.ScooterApp;
				PRODUCT_NAME = "$(TARGET_NAME)";
				SWIFT_VERSION = 5.0;
				TARGETED_DEVICE_FAMILY = "1,2";
			};
			name = Release;
		};
/* End XCBuildConfiguration section */

/* Begin XCConfigurationList section */
		C030E83E2560443C006D46DE /* Build configuration list for PBXProject "ScooterApp" */ = {
			isa = XCConfigurationList;
			buildConfigurations = (
				C030E8552560443D006D46DE /* Debug */,
				C030E8562560443D006D46DE /* Release */,
			);
			defaultConfigurationIsVisible = 0;
			defaultConfigurationName = Release;
		};
		C030E8572560443D006D46DE /* Build configuration list for PBXNativeTarget "ScooterApp" */ = {
			isa = XCConfigurationList;
			buildConfigurations = (
				C030E8582560443D006D46DE /* Debug */,
				C030E8592560443D006D46DE /* Release */,
			);
			defaultConfigurationIsVisible = 0;
			defaultConfigurationName = Release;
		};
/* End XCConfigurationList section */

/* Begin XCVersionGroup section */
		C030E8512560443D006D46DE /* ScooterApp.xcdatamodeld */ = {
			isa = XCVersionGroup;
			children = (
				C030E8522560443D006D46DE /* ScooterApp.xcdatamodel */,
			);
			currentVersion = C030E8522560443D006D46DE /* ScooterApp.xcdatamodel */;
			path = ScooterApp.xcdatamodeld;
			sourceTree = "<group>";
			versionGroupType = wrapper.xcdatamodel;
		};
/* End XCVersionGroup section */
	};
	rootObject = C030E83B2560443C006D46DE /* Project object */;
}
